// !$*UTF8*$!
{
	archiveVersion = 1;
	classes = {
	};
	objectVersion = 55;
	objects = {

/* Begin PBXBuildFile section */
		7523425528D749B000644D4C /* PersonTableViewCell.swift in Sources */ = {isa = PBXBuildFile; fileRef = 7523425428D749B000644D4C /* PersonTableViewCell.swift */; };
		759E32E428D8F1BF00A6234D /* BorcEkleTableViewController.swift in Sources */ = {isa = PBXBuildFile; fileRef = 759E32E328D8F1BF00A6234D /* BorcEkleTableViewController.swift */; };
		75DEE01528C8A19E00D08EDC /* BorcAlVer.swift in Sources */ = {isa = PBXBuildFile; fileRef = 75DEE01428C8A19E00D08EDC /* BorcAlVer.swift */; };
		75DEE01728C8A33700D08EDC /* Wallet.swift in Sources */ = {isa = PBXBuildFile; fileRef = 75DEE01628C8A33700D08EDC /* Wallet.swift */; };
		75EB862B28B59F3D008B5532 /* AppDelegate.swift in Sources */ = {isa = PBXBuildFile; fileRef = 75EB862A28B59F3D008B5532 /* AppDelegate.swift */; };
		75EB862D28B59F3D008B5532 /* SceneDelegate.swift in Sources */ = {isa = PBXBuildFile; fileRef = 75EB862C28B59F3D008B5532 /* SceneDelegate.swift */; };
		75EB863228B59F3D008B5532 /* Main.storyboard in Resources */ = {isa = PBXBuildFile; fileRef = 75EB863028B59F3D008B5532 /* Main.storyboard */; };
		75EB863428B59F3E008B5532 /* Assets.xcassets in Resources */ = {isa = PBXBuildFile; fileRef = 75EB863328B59F3E008B5532 /* Assets.xcassets */; };
		75EB863728B59F3E008B5532 /* LaunchScreen.storyboard in Resources */ = {isa = PBXBuildFile; fileRef = 75EB863528B59F3E008B5532 /* LaunchScreen.storyboard */; };
		75EDEF6E28D5F7F5003B9992 /* BorcTableViewController.swift in Sources */ = {isa = PBXBuildFile; fileRef = 75EDEF6D28D5F7F5003B9992 /* BorcTableViewController.swift */; };
		75EDEF7428D62FDE003B9992 /* Person.swift in Sources */ = {isa = PBXBuildFile; fileRef = 75EDEF7328D62FDE003B9992 /* Person.swift */; };
/* End PBXBuildFile section */

/* Begin PBXFileReference section */
		7523425428D749B000644D4C /* PersonTableViewCell.swift */ = {isa = PBXFileReference; lastKnownFileType = sourcecode.swift; path = PersonTableViewCell.swift; sourceTree = "<group>"; };
		759E32E328D8F1BF00A6234D /* BorcEkleTableViewController.swift */ = {isa = PBXFileReference; lastKnownFileType = sourcecode.swift; path = BorcEkleTableViewController.swift; sourceTree = "<group>"; };
		75DEE01428C8A19E00D08EDC /* BorcAlVer.swift */ = {isa = PBXFileReference; lastKnownFileType = sourcecode.swift; path = BorcAlVer.swift; sourceTree = "<group>"; };
		75DEE01628C8A33700D08EDC /* Wallet.swift */ = {isa = PBXFileReference; lastKnownFileType = sourcecode.swift; path = Wallet.swift; sourceTree = "<group>"; };
		75EB862728B59F3D008B5532 /* BorcodeWallet.app */ = {isa = PBXFileReference; explicitFileType = wrapper.application; includeInIndex = 0; path = BorcodeWallet.app; sourceTree = BUILT_PRODUCTS_DIR; };
		75EB862A28B59F3D008B5532 /* AppDelegate.swift */ = {isa = PBXFileReference; lastKnownFileType = sourcecode.swift; path = AppDelegate.swift; sourceTree = "<group>"; };
		75EB862C28B59F3D008B5532 /* SceneDelegate.swift */ = {isa = PBXFileReference; lastKnownFileType = sourcecode.swift; path = SceneDelegate.swift; sourceTree = "<group>"; };
		75EB863128B59F3D008B5532 /* Base */ = {isa = PBXFileReference; lastKnownFileType = file.storyboard; name = Base; path = Base.lproj/Main.storyboard; sourceTree = "<group>"; };
		75EB863328B59F3E008B5532 /* Assets.xcassets */ = {isa = PBXFileReference; lastKnownFileType = folder.assetcatalog; path = Assets.xcassets; sourceTree = "<group>"; };
		75EB863628B59F3E008B5532 /* Base */ = {isa = PBXFileReference; lastKnownFileType = file.storyboard; name = Base; path = Base.lproj/LaunchScreen.storyboard; sourceTree = "<group>"; };
		75EB863828B59F3E008B5532 /* Info.plist */ = {isa = PBXFileReference; lastKnownFileType = text.plist.xml; path = Info.plist; sourceTree = "<group>"; };
		75EDEF6D28D5F7F5003B9992 /* BorcTableViewController.swift */ = {isa = PBXFileReference; lastKnownFileType = sourcecode.swift; path = BorcTableViewController.swift; sourceTree = "<group>"; };
		75EDEF7328D62FDE003B9992 /* Person.swift */ = {isa = PBXFileReference; lastKnownFileType = sourcecode.swift; path = Person.swift; sourceTree = "<group>"; };
/* End PBXFileReference section */

/* Begin PBXFrameworksBuildPhase section */
		75EB862428B59F3D008B5532 /* Frameworks */ = {
			isa = PBXFrameworksBuildPhase;
			buildActionMask = 2147483647;
			files = (
			);
			runOnlyForDeploymentPostprocessing = 0;
		};
/* End PBXFrameworksBuildPhase section */

/* Begin PBXGroup section */
		7523425328D7495100644D4C /* Person */ = {
			isa = PBXGroup;
			children = (
				7523425428D749B000644D4C /* PersonTableViewCell.swift */,
			);
			path = Person;
			sourceTree = "<group>";
		};
		75B3BAE828CE151600178F0C /* Views */ = {
			isa = PBXGroup;
			children = (
				75DEE01628C8A33700D08EDC /* Wallet.swift */,
				75DEE01428C8A19E00D08EDC /* BorcAlVer.swift */,
			);
			path = Views;
			sourceTree = "<group>";
		};
		75B3BAE928CE155E00178F0C /* Models */ = {
			isa = PBXGroup;
			children = (
				75EDEF7328D62FDE003B9992 /* Person.swift */,
			);
			path = Models;
			sourceTree = "<group>";
		};
		75B3BAEA28CE163F00178F0C /* StoryBoard */ = {
			isa = PBXGroup;
			children = (
				75EB863528B59F3E008B5532 /* LaunchScreen.storyboard */,
				75EB863028B59F3D008B5532 /* Main.storyboard */,
			);
			path = StoryBoard;
			sourceTree = "<group>";
		};
		75EB861E28B59F3D008B5532 = {
			isa = PBXGroup;
			children = (
				75EB862928B59F3D008B5532 /* BorcodeWallet */,
				75EB862828B59F3D008B5532 /* Products */,
			);
			sourceTree = "<group>";
		};
		75EB862828B59F3D008B5532 /* Products */ = {
			isa = PBXGroup;
			children = (
				75EB862728B59F3D008B5532 /* BorcodeWallet.app */,
			);
			name = Products;
			sourceTree = "<group>";
		};
		75EB862928B59F3D008B5532 /* BorcodeWallet */ = {
			isa = PBXGroup;
			children = (
				75B3BAEA28CE163F00178F0C /* StoryBoard */,
				75B3BAE928CE155E00178F0C /* Models */,
				75B3BAE828CE151600178F0C /* Views */,
				75EDEF6F28D5FB9E003B9992 /* Controller */,
				75EB862A28B59F3D008B5532 /* AppDelegate.swift */,
				75EB862C28B59F3D008B5532 /* SceneDelegate.swift */,
				75EB863328B59F3E008B5532 /* Assets.xcassets */,
				75EB863828B59F3E008B5532 /* Info.plist */,
			);
			path = BorcodeWallet;
			sourceTree = "<group>";
		};
		75EDEF6F28D5FB9E003B9992 /* Controller */ = {
			isa = PBXGroup;
			children = (
				75EDEF7028D613A2003B9992 /* BorcAlVer */,
			);
			path = Controller;
			sourceTree = "<group>";
		};
		75EDEF7028D613A2003B9992 /* BorcAlVer */ = {
			isa = PBXGroup;
			children = (
				75EDEF6D28D5F7F5003B9992 /* BorcTableViewController.swift */,
				759E32E328D8F1BF00A6234D /* BorcEkleTableViewController.swift */,
				7523425328D7495100644D4C /* Person */,
			);
			path = BorcAlVer;
			sourceTree = "<group>";
		};
/* End PBXGroup section */

/* Begin PBXNativeTarget section */
		75EB862628B59F3D008B5532 /* BorcodeWallet */ = {
			isa = PBXNativeTarget;
			buildConfigurationList = 75EB863B28B59F3E008B5532 /* Build configuration list for PBXNativeTarget "BorcodeWallet" */;
			buildPhases = (
				75EB862328B59F3D008B5532 /* Sources */,
				75EB862428B59F3D008B5532 /* Frameworks */,
				75EB862528B59F3D008B5532 /* Resources */,
			);
			buildRules = (
			);
			dependencies = (
			);
			name = BorcodeWallet;
			productName = BorcodeWallet;
			productReference = 75EB862728B59F3D008B5532 /* BorcodeWallet.app */;
			productType = "com.apple.product-type.application";
		};
/* End PBXNativeTarget section */

/* Begin PBXProject section */
		75EB861F28B59F3D008B5532 /* Project object */ = {
			isa = PBXProject;
			attributes = {
				BuildIndependentTargetsInParallel = 1;
				LastSwiftUpdateCheck = 1340;
				LastUpgradeCheck = 1340;
				TargetAttributes = {
					75EB862628B59F3D008B5532 = {
						CreatedOnToolsVersion = 13.4.1;
					};
				};
			};
			buildConfigurationList = 75EB862228B59F3D008B5532 /* Build configuration list for PBXProject "BorcodeWallet" */;
			compatibilityVersion = "Xcode 13.0";
			developmentRegion = en;
			hasScannedForEncodings = 0;
			knownRegions = (
				en,
				Base,
			);
			mainGroup = 75EB861E28B59F3D008B5532;
			productRefGroup = 75EB862828B59F3D008B5532 /* Products */;
			projectDirPath = "";
			projectRoot = "";
			targets = (
				75EB862628B59F3D008B5532 /* BorcodeWallet */,
			);
		};
/* End PBXProject section */

/* Begin PBXResourcesBuildPhase section */
		75EB862528B59F3D008B5532 /* Resources */ = {
			isa = PBXResourcesBuildPhase;
			buildActionMask = 2147483647;
			files = (
				75EB863728B59F3E008B5532 /* LaunchScreen.storyboard in Resources */,
				75EB863428B59F3E008B5532 /* Assets.xcassets in Resources */,
				75EB863228B59F3D008B5532 /* Main.storyboard in Resources */,
			);
			runOnlyForDeploymentPostprocessing = 0;
		};
/* End PBXResourcesBuildPhase section */

/* Begin PBXSourcesBuildPhase section */
		75EB862328B59F3D008B5532 /* Sources */ = {
			isa = PBXSourcesBuildPhase;
			buildActionMask = 2147483647;
			files = (
				75EDEF7428D62FDE003B9992 /* Person.swift in Sources */,
				75DEE01728C8A33700D08EDC /* Wallet.swift in Sources */,
				75EB862B28B59F3D008B5532 /* AppDelegate.swift in Sources */,
				75EDEF6E28D5F7F5003B9992 /* BorcTableViewController.swift in Sources */,
				75DEE01528C8A19E00D08EDC /* BorcAlVer.swift in Sources */,
				7523425528D749B000644D4C /* PersonTableViewCell.swift in Sources */,
				759E32E428D8F1BF00A6234D /* BorcEkleTableViewController.swift in Sources */,
				75EB862D28B59F3D008B5532 /* SceneDelegate.swift in Sources */,
			);
			runOnlyForDeploymentPostprocessing = 0;
		};
/* End PBXSourcesBuildPhase section */

/* Begin PBXVariantGroup section */
		75EB863028B59F3D008B5532 /* Main.storyboard */ = {
			isa = PBXVariantGroup;
			children = (
				75EB863128B59F3D008B5532 /* Base */,
			);
			name = Main.storyboard;
			sourceTree = "<group>";
		};
		75EB863528B59F3E008B5532 /* LaunchScreen.storyboard */ = {
			isa = PBXVariantGroup;
			children = (
				75EB863628B59F3E008B5532 /* Base */,
			);
			name = LaunchScreen.storyboard;
			sourceTree = "<group>";
		};
/* End PBXVariantGroup section */

/* Begin XCBuildConfiguration section */
		75EB863928B59F3E008B5532 /* Debug */ = {
			isa = XCBuildConfiguration;
			buildSettings = {
				ALWAYS_SEARCH_USER_PATHS = NO;
				CLANG_ANALYZER_NONNULL = YES;
				CLANG_ANALYZER_NUMBER_OBJECT_CONVERSION = YES_AGGRESSIVE;
				CLANG_CXX_LANGUAGE_STANDARD = "gnu++17";
				CLANG_ENABLE_MODULES = YES;
				CLANG_ENABLE_OBJC_ARC = YES;
				CLANG_ENABLE_OBJC_WEAK = YES;
				CLANG_WARN_BLOCK_CAPTURE_AUTORELEASING = YES;
				CLANG_WARN_BOOL_CONVERSION = YES;
				CLANG_WARN_COMMA = YES;
				CLANG_WARN_CONSTANT_CONVERSION = YES;
				CLANG_WARN_DEPRECATED_OBJC_IMPLEMENTATIONS = YES;
				CLANG_WARN_DIRECT_OBJC_ISA_USAGE = YES_ERROR;
				CLANG_WARN_DOCUMENTATION_COMMENTS = YES;
				CLANG_WARN_EMPTY_BODY = YES;
				CLANG_WARN_ENUM_CONVERSION = YES;
				CLANG_WARN_INFINITE_RECURSION = YES;
				CLANG_WARN_INT_CONVERSION = YES;
				CLANG_WARN_NON_LITERAL_NULL_CONVERSION = YES;
				CLANG_WARN_OBJC_IMPLICIT_RETAIN_SELF = YES;
				CLANG_WARN_OBJC_LITERAL_CONVERSION = YES;
				CLANG_WARN_OBJC_ROOT_CLASS = YES_ERROR;
				CLANG_WARN_QUOTED_INCLUDE_IN_FRAMEWORK_HEADER = YES;
				CLANG_WARN_RANGE_LOOP_ANALYSIS = YES;
				CLANG_WARN_STRICT_PROTOTYPES = YES;
				CLANG_WARN_SUSPICIOUS_MOVE = YES;
				CLANG_WARN_UNGUARDED_AVAILABILITY = YES_AGGRESSIVE;
				CLANG_WARN_UNREACHABLE_CODE = YES;
				CLANG_WARN__DUPLICATE_METHOD_MATCH = YES;
				COPY_PHASE_STRIP = NO;
				DEBUG_INFORMATION_FORMAT = dwarf;
				ENABLE_STRICT_OBJC_MSGSEND = YES;
				ENABLE_TESTABILITY = YES;
				GCC_C_LANGUAGE_STANDARD = gnu11;
				GCC_DYNAMIC_NO_PIC = NO;
				GCC_NO_COMMON_BLOCKS = YES;
				GCC_OPTIMIZATION_LEVEL = 0;
				GCC_PREPROCESSOR_DEFINITIONS = (
					"DEBUG=1",
					"$(inherited)",
				);
				GCC_WARN_64_TO_32_BIT_CONVERSION = YES;
				GCC_WARN_ABOUT_RETURN_TYPE = YES_ERROR;
				GCC_WARN_UNDECLARED_SELECTOR = YES;
				GCC_WARN_UNINITIALIZED_AUTOS = YES_AGGRESSIVE;
				GCC_WARN_UNUSED_FUNCTION = YES;
				GCC_WARN_UNUSED_VARIABLE = YES;
				IPHONEOS_DEPLOYMENT_TARGET = 13.0;
				MTL_ENABLE_DEBUG_INFO = INCLUDE_SOURCE;
				MTL_FAST_MATH = YES;
				ONLY_ACTIVE_ARCH = YES;
				SDKROOT = iphoneos;
				SWIFT_ACTIVE_COMPILATION_CONDITIONS = DEBUG;
				SWIFT_OPTIMIZATION_LEVEL = "-Onone";
			};
			name = Debug;
		};
		75EB863A28B59F3E008B5532 /* Release */ = {
			isa = XCBuildConfiguration;
			buildSettings = {
				ALWAYS_SEARCH_USER_PATHS = NO;
				CLANG_ANALYZER_NONNULL = YES;
				CLANG_ANALYZER_NUMBER_OBJECT_CONVERSION = YES_AGGRESSIVE;
				CLANG_CXX_LANGUAGE_STANDARD = "gnu++17";
				CLANG_ENABLE_MODULES = YES;
				CLANG_ENABLE_OBJC_ARC = YES;
				CLANG_ENABLE_OBJC_WEAK = YES;
				CLANG_WARN_BLOCK_CAPTURE_AUTORELEASING = YES;
				CLANG_WARN_BOOL_CONVERSION = YES;
				CLANG_WARN_COMMA = YES;
				CLANG_WARN_CONSTANT_CONVERSION = YES;
				CLANG_WARN_DEPRECATED_OBJC_IMPLEMENTATIONS = YES;
				CLANG_WARN_DIRECT_OBJC_ISA_USAGE = YES_ERROR;
				CLANG_WARN_DOCUMENTATION_COMMENTS = YES;
				CLANG_WARN_EMPTY_BODY = YES;
				CLANG_WARN_ENUM_CONVERSION = YES;
				CLANG_WARN_INFINITE_RECURSION = YES;
				CLANG_WARN_INT_CONVERSION = YES;
				CLANG_WARN_NON_LITERAL_NULL_CONVERSION = YES;
				CLANG_WARN_OBJC_IMPLICIT_RETAIN_SELF = YES;
				CLANG_WARN_OBJC_LITERAL_CONVERSION = YES;
				CLANG_WARN_OBJC_ROOT_CLASS = YES_ERROR;
				CLANG_WARN_QUOTED_INCLUDE_IN_FRAMEWORK_HEADER = YES;
				CLANG_WARN_RANGE_LOOP_ANALYSIS = YES;
				CLANG_WARN_STRICT_PROTOTYPES = YES;
				CLANG_WARN_SUSPICIOUS_MOVE = YES;
				CLANG_WARN_UNGUARDED_AVAILABILITY = YES_AGGRESSIVE;
				CLANG_WARN_UNREACHABLE_CODE = YES;
				CLANG_WARN__DUPLICATE_METHOD_MATCH = YES;
				COPY_PHASE_STRIP = NO;
				DEBUG_INFORMATION_FORMAT = "dwarf-with-dsym";
				ENABLE_NS_ASSERTIONS = NO;
				ENABLE_STRICT_OBJC_MSGSEND = YES;
				GCC_C_LANGUAGE_STANDARD = gnu11;
				GCC_NO_COMMON_BLOCKS = YES;
				GCC_WARN_64_TO_32_BIT_CONVERSION = YES;
				GCC_WARN_ABOUT_RETURN_TYPE = YES_ERROR;
				GCC_WARN_UNDECLARED_SELECTOR = YES;
				GCC_WARN_UNINITIALIZED_AUTOS = YES_AGGRESSIVE;
				GCC_WARN_UNUSED_FUNCTION = YES;
				GCC_WARN_UNUSED_VARIABLE = YES;
				IPHONEOS_DEPLOYMENT_TARGET = 13.0;
				MTL_ENABLE_DEBUG_INFO = NO;
				MTL_FAST_MATH = YES;
				SDKROOT = iphoneos;
				SWIFT_COMPILATION_MODE = wholemodule;
				SWIFT_OPTIMIZATION_LEVEL = "-O";
				VALIDATE_PRODUCT = YES;
			};
			name = Release;
		};
		75EB863C28B59F3E008B5532 /* Debug */ = {
			isa = XCBuildConfiguration;
			buildSettings = {
				ASSETCATALOG_COMPILER_APPICON_NAME = AppIcon;
				ASSETCATALOG_COMPILER_GLOBAL_ACCENT_COLOR_NAME = AccentColor;
				CODE_SIGN_STYLE = Automatic;
				CURRENT_PROJECT_VERSION = 1;
				DEVELOPMENT_TEAM = J6M68LPML8;
				GENERATE_INFOPLIST_FILE = YES;
				INFOPLIST_FILE = BorcodeWallet/Info.plist;
				INFOPLIST_KEY_UIApplicationSupportsIndirectInputEvents = YES;
				INFOPLIST_KEY_UILaunchStoryboardName = LaunchScreen;
				INFOPLIST_KEY_UIMainStoryboardFile = Main;
				INFOPLIST_KEY_UISupportedInterfaceOrientations_iPad = "UIInterfaceOrientationPortrait UIInterfaceOrientationPortraitUpsideDown UIInterfaceOrientationLandscapeLeft UIInterfaceOrientationLandscapeRight";
				INFOPLIST_KEY_UISupportedInterfaceOrientations_iPhone = "UIInterfaceOrientationPortrait UIInterfaceOrientationLandscapeLeft UIInterfaceOrientationLandscapeRight";
				IPHONEOS_DEPLOYMENT_TARGET = 13.0;
				LD_RUNPATH_SEARCH_PATHS = (
					"$(inherited)",
					"@executable_path/Frameworks",
				);
				MARKETING_VERSION = 1.0;
				PRODUCT_BUNDLE_IDENTIFIER = com.mehmetsalihcakmak.BorcodeWallet;
				PRODUCT_NAME = "$(TARGET_NAME)";
				SWIFT_EMIT_LOC_STRINGS = YES;
				SWIFT_VERSION = 5.0;
				TARGETED_DEVICE_FAMILY = 1;
			};
			name = Debug;
		};
		75EB863D28B59F3E008B5532 /* Release */ = {
			isa = XCBuildConfiguration;
			buildSettings = {
				ASSETCATALOG_COMPILER_APPICON_NAME = AppIcon;
				ASSETCATALOG_COMPILER_GLOBAL_ACCENT_COLOR_NAME = AccentColor;
				CODE_SIGN_STYLE = Automatic;
				CURRENT_PROJECT_VERSION = 1;
				DEVELOPMENT_TEAM = J6M68LPML8;
				GENERATE_INFOPLIST_FILE = YES;
				INFOPLIST_FILE = BorcodeWallet/Info.plist;
				INFOPLIST_KEY_UIApplicationSupportsIndirectInputEvents = YES;
				INFOPLIST_KEY_UILaunchStoryboardName = LaunchScreen;
				INFOPLIST_KEY_UIMainStoryboardFile = Main;
				INFOPLIST_KEY_UISupportedInterfaceOrientations_iPad = "UIInterfaceOrientationPortrait UIInterfaceOrientationPortraitUpsideDown UIInterfaceOrientationLandscapeLeft UIInterfaceOrientationLandscapeRight";
				INFOPLIST_KEY_UISupportedInterfaceOrientations_iPhone = "UIInterfaceOrientationPortrait UIInterfaceOrientationLandscapeLeft UIInterfaceOrientationLandscapeRight";
				IPHONEOS_DEPLOYMENT_TARGET = 13.0;
				LD_RUNPATH_SEARCH_PATHS = (
					"$(inherited)",
					"@executable_path/Frameworks",
				);
				MARKETING_VERSION = 1.0;
				PRODUCT_BUNDLE_IDENTIFIER = com.mehmetsalihcakmak.BorcodeWallet;
				PRODUCT_NAME = "$(TARGET_NAME)";
				SWIFT_EMIT_LOC_STRINGS = YES;
				SWIFT_VERSION = 5.0;
				TARGETED_DEVICE_FAMILY = 1;
			};
			name = Release;
		};
/* End XCBuildConfiguration section */

/* Begin XCConfigurationList section */
		75EB862228B59F3D008B5532 /* Build configuration list for PBXProject "BorcodeWallet" */ = {
			isa = XCConfigurationList;
			buildConfigurations = (
				75EB863928B59F3E008B5532 /* Debug */,
				75EB863A28B59F3E008B5532 /* Release */,
			);
			defaultConfigurationIsVisible = 0;
			defaultConfigurationName = Release;
		};
		75EB863B28B59F3E008B5532 /* Build configuration list for PBXNativeTarget "BorcodeWallet" */ = {
			isa = XCConfigurationList;
			buildConfigurations = (
				75EB863C28B59F3E008B5532 /* Debug */,
				75EB863D28B59F3E008B5532 /* Release */,
			);
			defaultConfigurationIsVisible = 0;
			defaultConfigurationName = Release;
		};
/* End XCConfigurationList section */
	};
	rootObject = 75EB861F28B59F3D008B5532 /* Project object */;
}
